{
  "name": "FIFA-Redone",
  "lockfileVersion": 2,
  "requires": true,
  "packages": {
    "": {
      "dependencies": {
        "primeflex": "^3.3.0"
      }
    },
    "node_modules/primeflex": {
      "version": "3.3.0",
      "resolved": "https://registry.npmjs.org/primeflex/-/primeflex-3.3.0.tgz",
      "integrity": "sha512-4hvyIO7lERN5bnyURn67Qpozghins8Jq/GSXO6tymc3oa2ADHWuiYBti8ZptPwHu+uD/HTEisS26NEmeIGfPZQ=="
    }
  },
  "dependencies": {
    "primeflex": {
      "version": "3.3.0",
      "resolved": "https://registry.npmjs.org/primeflex/-/primeflex-3.3.0.tgz",
      "integrity": "sha512-4hvyIO7lERN5bnyURn67Qpozghins8Jq/GSXO6tymc3oa2ADHWuiYBti8ZptPwHu+uD/HTEisS26NEmeIGfPZQ=="
    }
  }
}
